// !$*UTF8*$!
{
	archiveVersion = 1;
	classes = {
	};
	objectVersion = 56;
	objects = {

/* Begin PBXBuildFile section */
		BD3394312A8E5A3E00E4EB6B /* Accessories.swift in Sources */ = {isa = PBXBuildFile; fileRef = BD3394302A8E5A3E00E4EB6B /* Accessories.swift */; };
		BD3394332A8E5A5800E4EB6B /* Clothings.swift in Sources */ = {isa = PBXBuildFile; fileRef = BD3394322A8E5A5800E4EB6B /* Clothings.swift */; };
		BD3394372A8E5A7400E4EB6B /* Dyes.swift in Sources */ = {isa = PBXBuildFile; fileRef = BD3394362A8E5A7400E4EB6B /* Dyes.swift */; };
		BD3394392A8E5B0900E4EB6B /* Embroidery.swift in Sources */ = {isa = PBXBuildFile; fileRef = BD3394382A8E5B0900E4EB6B /* Embroidery.swift */; };
		BD476E042A8D12E800D9CD27 /* homeScreenApp.swift in Sources */ = {isa = PBXBuildFile; fileRef = BD476E032A8D12E800D9CD27 /* homeScreenApp.swift */; };
		BD476E062A8D12E800D9CD27 /* Homepage.swift in Sources */ = {isa = PBXBuildFile; fileRef = BD476E052A8D12E800D9CD27 /* Homepage.swift */; };
		BD476E082A8D12E900D9CD27 /* Assets.xcassets in Resources */ = {isa = PBXBuildFile; fileRef = BD476E072A8D12E900D9CD27 /* Assets.xcassets */; };
		BD476E0B2A8D12E900D9CD27 /* Preview Assets.xcassets in Resources */ = {isa = PBXBuildFile; fileRef = BD476E0A2A8D12E900D9CD27 /* Preview Assets.xcassets */; };
		BD476E152A8D12E900D9CD27 /* homeScreenTests.swift in Sources */ = {isa = PBXBuildFile; fileRef = BD476E142A8D12E900D9CD27 /* homeScreenTests.swift */; };
		BD476E1F2A8D12E900D9CD27 /* homeScreenUITests.swift in Sources */ = {isa = PBXBuildFile; fileRef = BD476E1E2A8D12E900D9CD27 /* homeScreenUITests.swift */; };
		BD476E212A8D12E900D9CD27 /* homeScreenUITestsLaunchTests.swift in Sources */ = {isa = PBXBuildFile; fileRef = BD476E202A8D12E900D9CD27 /* homeScreenUITestsLaunchTests.swift */; };
		BD476E2E2A8D14C400D9CD27 /* upcycleHub.swift in Sources */ = {isa = PBXBuildFile; fileRef = BD476E2D2A8D14C400D9CD27 /* upcycleHub.swift */; };
		BD476E302A8D14D400D9CD27 /* recycle.swift in Sources */ = {isa = PBXBuildFile; fileRef = BD476E2F2A8D14D400D9CD27 /* recycle.swift */; };
		BD5B1BBD2A8E9ACA009513E2 /* forum2.swift in Sources */ = {isa = PBXBuildFile; fileRef = BD5B1BBC2A8E9ACA009513E2 /* forum2.swift */; };
		BDDC00272A8E9146003BDC59 /* firstPage.swift in Sources */ = {isa = PBXBuildFile; fileRef = BDDC00262A8E9146003BDC59 /* firstPage.swift */; };
		BDDC00292A8E955E003BDC59 /* NewToDoView.swift in Sources */ = {isa = PBXBuildFile; fileRef = BDDC00282A8E955E003BDC59 /* NewToDoView.swift */; };
		BDDC002B2A8E9577003BDC59 /* ToDoItem.swift in Sources */ = {isa = PBXBuildFile; fileRef = BDDC002A2A8E9577003BDC59 /* ToDoItem.swift */; };
/* End PBXBuildFile section */

/* Begin PBXContainerItemProxy section */
		BD476E112A8D12E900D9CD27 /* PBXContainerItemProxy */ = {
			isa = PBXContainerItemProxy;
			containerPortal = BD476DF82A8D12E800D9CD27 /* Project object */;
			proxyType = 1;
			remoteGlobalIDString = BD476DFF2A8D12E800D9CD27;
			remoteInfo = homeScreen;
		};
		BD476E1B2A8D12E900D9CD27 /* PBXContainerItemProxy */ = {
			isa = PBXContainerItemProxy;
			containerPortal = BD476DF82A8D12E800D9CD27 /* Project object */;
			proxyType = 1;
			remoteGlobalIDString = BD476DFF2A8D12E800D9CD27;
			remoteInfo = homeScreen;
		};
/* End PBXContainerItemProxy section */

/* Begin PBXFileReference section */
		BD3394302A8E5A3E00E4EB6B /* Accessories.swift */ = {isa = PBXFileReference; lastKnownFileType = sourcecode.swift; path = Accessories.swift; sourceTree = "<group>"; };
		BD3394322A8E5A5800E4EB6B /* Clothings.swift */ = {isa = PBXFileReference; lastKnownFileType = sourcecode.swift; path = Clothings.swift; sourceTree = "<group>"; };
		BD3394362A8E5A7400E4EB6B /* Dyes.swift */ = {isa = PBXFileReference; lastKnownFileType = sourcecode.swift; path = Dyes.swift; sourceTree = "<group>"; };
		BD3394382A8E5B0900E4EB6B /* Embroidery.swift */ = {isa = PBXFileReference; lastKnownFileType = sourcecode.swift; path = Embroidery.swift; sourceTree = "<group>"; };
		BD476E002A8D12E800D9CD27 /* homeScreen.app */ = {isa = PBXFileReference; explicitFileType = wrapper.application; includeInIndex = 0; path = homeScreen.app; sourceTree = BUILT_PRODUCTS_DIR; };
		BD476E032A8D12E800D9CD27 /* homeScreenApp.swift */ = {isa = PBXFileReference; lastKnownFileType = sourcecode.swift; path = homeScreenApp.swift; sourceTree = "<group>"; };
		BD476E052A8D12E800D9CD27 /* Homepage.swift */ = {isa = PBXFileReference; lastKnownFileType = sourcecode.swift; path = Homepage.swift; sourceTree = "<group>"; };
		BD476E072A8D12E900D9CD27 /* Assets.xcassets */ = {isa = PBXFileReference; lastKnownFileType = folder.assetcatalog; path = Assets.xcassets; sourceTree = "<group>"; };
		BD476E0A2A8D12E900D9CD27 /* Preview Assets.xcassets */ = {isa = PBXFileReference; lastKnownFileType = folder.assetcatalog; path = "Preview Assets.xcassets"; sourceTree = "<group>"; };
		BD476E102A8D12E900D9CD27 /* homeScreenTests.xctest */ = {isa = PBXFileReference; explicitFileType = wrapper.cfbundle; includeInIndex = 0; path = homeScreenTests.xctest; sourceTree = BUILT_PRODUCTS_DIR; };
		BD476E142A8D12E900D9CD27 /* homeScreenTests.swift */ = {isa = PBXFileReference; lastKnownFileType = sourcecode.swift; path = homeScreenTests.swift; sourceTree = "<group>"; };
		BD476E1A2A8D12E900D9CD27 /* homeScreenUITests.xctest */ = {isa = PBXFileReference; explicitFileType = wrapper.cfbundle; includeInIndex = 0; path = homeScreenUITests.xctest; sourceTree = BUILT_PRODUCTS_DIR; };
		BD476E1E2A8D12E900D9CD27 /* homeScreenUITests.swift */ = {isa = PBXFileReference; lastKnownFileType = sourcecode.swift; path = homeScreenUITests.swift; sourceTree = "<group>"; };
		BD476E202A8D12E900D9CD27 /* homeScreenUITestsLaunchTests.swift */ = {isa = PBXFileReference; lastKnownFileType = sourcecode.swift; path = homeScreenUITestsLaunchTests.swift; sourceTree = "<group>"; };
		BD476E2D2A8D14C400D9CD27 /* upcycleHub.swift */ = {isa = PBXFileReference; lastKnownFileType = sourcecode.swift; path = upcycleHub.swift; sourceTree = "<group>"; };
		BD476E2F2A8D14D400D9CD27 /* recycle.swift */ = {isa = PBXFileReference; lastKnownFileType = sourcecode.swift; path = recycle.swift; sourceTree = "<group>"; };
		BD5B1BBC2A8E9ACA009513E2 /* forum2.swift */ = {isa = PBXFileReference; lastKnownFileType = sourcecode.swift; path = forum2.swift; sourceTree = "<group>"; };
		BDDC00262A8E9146003BDC59 /* firstPage.swift */ = {isa = PBXFileReference; lastKnownFileType = sourcecode.swift; path = firstPage.swift; sourceTree = "<group>"; };
		BDDC00282A8E955E003BDC59 /* NewToDoView.swift */ = {isa = PBXFileReference; lastKnownFileType = sourcecode.swift; path = NewToDoView.swift; sourceTree = "<group>"; };
		BDDC002A2A8E9577003BDC59 /* ToDoItem.swift */ = {isa = PBXFileReference; lastKnownFileType = sourcecode.swift; path = ToDoItem.swift; sourceTree = "<group>"; };
/* End PBXFileReference section */

/* Begin PBXFrameworksBuildPhase section */
		BD476DFD2A8D12E800D9CD27 /* Frameworks */ = {
			isa = PBXFrameworksBuildPhase;
			buildActionMask = 2147483647;
			files = (
			);
			runOnlyForDeploymentPostprocessing = 0;
		};
		BD476E0D2A8D12E900D9CD27 /* Frameworks */ = {
			isa = PBXFrameworksBuildPhase;
			buildActionMask = 2147483647;
			files = (
			);
			runOnlyForDeploymentPostprocessing = 0;
		};
		BD476E172A8D12E900D9CD27 /* Frameworks */ = {
			isa = PBXFrameworksBuildPhase;
			buildActionMask = 2147483647;
			files = (
			);
			runOnlyForDeploymentPostprocessing = 0;
		};
/* End PBXFrameworksBuildPhase section */

/* Begin PBXGroup section */
		BD476DF72A8D12E800D9CD27 = {
			isa = PBXGroup;
			children = (
				BD476E022A8D12E800D9CD27 /* homeScreen */,
				BD476E132A8D12E900D9CD27 /* homeScreenTests */,
				BD476E1D2A8D12E900D9CD27 /* homeScreenUITests */,
				BD476E012A8D12E800D9CD27 /* Products */,
			);
			sourceTree = "<group>";
		};
		BD476E012A8D12E800D9CD27 /* Products */ = {
			isa = PBXGroup;
			children = (
				BD476E002A8D12E800D9CD27 /* homeScreen.app */,
				BD476E102A8D12E900D9CD27 /* homeScreenTests.xctest */,
				BD476E1A2A8D12E900D9CD27 /* homeScreenUITests.xctest */,
			);
			name = Products;
			sourceTree = "<group>";
		};
		BD476E022A8D12E800D9CD27 /* homeScreen */ = {
			isa = PBXGroup;
			children = (
				BD476E032A8D12E800D9CD27 /* homeScreenApp.swift */,
				BDDC00262A8E9146003BDC59 /* firstPage.swift */,
				BD476E052A8D12E800D9CD27 /* Homepage.swift */,
				BD476E2D2A8D14C400D9CD27 /* upcycleHub.swift */,
				BD3394382A8E5B0900E4EB6B /* Embroidery.swift */,
				BD3394302A8E5A3E00E4EB6B /* Accessories.swift */,
				BD3394322A8E5A5800E4EB6B /* Clothings.swift */,
				BD3394362A8E5A7400E4EB6B /* Dyes.swift */,
				BD476E2F2A8D14D400D9CD27 /* recycle.swift */,
				BD5B1BBC2A8E9ACA009513E2 /* forum2.swift */,
				BDDC00282A8E955E003BDC59 /* NewToDoView.swift */,
				BDDC002A2A8E9577003BDC59 /* ToDoItem.swift */,
				BD476E072A8D12E900D9CD27 /* Assets.xcassets */,
				BD476E092A8D12E900D9CD27 /* Preview Content */,
			);
			path = homeScreen;
			sourceTree = "<group>";
		};
		BD476E092A8D12E900D9CD27 /* Preview Content */ = {
			isa = PBXGroup;
			children = (
				BD476E0A2A8D12E900D9CD27 /* Preview Assets.xcassets */,
			);
			path = "Preview Content";
			sourceTree = "<group>";
		};
		BD476E132A8D12E900D9CD27 /* homeScreenTests */ = {
			isa = PBXGroup;
			children = (
				BD476E142A8D12E900D9CD27 /* homeScreenTests.swift */,
			);
			path = homeScreenTests;
			sourceTree = "<group>";
		};
		BD476E1D2A8D12E900D9CD27 /* homeScreenUITests */ = {
			isa = PBXGroup;
			children = (
				BD476E1E2A8D12E900D9CD27 /* homeScreenUITests.swift */,
				BD476E202A8D12E900D9CD27 /* homeScreenUITestsLaunchTests.swift */,
			);
			path = homeScreenUITests;
			sourceTree = "<group>";
		};
/* End PBXGroup section */

/* Begin PBXNativeTarget section */
		BD476DFF2A8D12E800D9CD27 /* homeScreen */ = {
			isa = PBXNativeTarget;
			buildConfigurationList = BD476E242A8D12E900D9CD27 /* Build configuration list for PBXNativeTarget "homeScreen" */;
			buildPhases = (
				BD476DFC2A8D12E800D9CD27 /* Sources */,
				BD476DFD2A8D12E800D9CD27 /* Frameworks */,
				BD476DFE2A8D12E800D9CD27 /* Resources */,
			);
			buildRules = (
			);
			dependencies = (
			);
			name = homeScreen;
			productName = homeScreen;
			productReference = BD476E002A8D12E800D9CD27 /* homeScreen.app */;
			productType = "com.apple.product-type.application";
		};
		BD476E0F2A8D12E900D9CD27 /* homeScreenTests */ = {
			isa = PBXNativeTarget;
			buildConfigurationList = BD476E272A8D12E900D9CD27 /* Build configuration list for PBXNativeTarget "homeScreenTests" */;
			buildPhases = (
				BD476E0C2A8D12E900D9CD27 /* Sources */,
				BD476E0D2A8D12E900D9CD27 /* Frameworks */,
				BD476E0E2A8D12E900D9CD27 /* Resources */,
			);
			buildRules = (
			);
			dependencies = (
				BD476E122A8D12E900D9CD27 /* PBXTargetDependency */,
			);
			name = homeScreenTests;
			productName = homeScreenTests;
			productReference = BD476E102A8D12E900D9CD27 /* homeScreenTests.xctest */;
			productType = "com.apple.product-type.bundle.unit-test";
		};
		BD476E192A8D12E900D9CD27 /* homeScreenUITests */ = {
			isa = PBXNativeTarget;
			buildConfigurationList = BD476E2A2A8D12E900D9CD27 /* Build configuration list for PBXNativeTarget "homeScreenUITests" */;
			buildPhases = (
				BD476E162A8D12E900D9CD27 /* Sources */,
				BD476E172A8D12E900D9CD27 /* Frameworks */,
				BD476E182A8D12E900D9CD27 /* Resources */,
			);
			buildRules = (
			);
			dependencies = (
				BD476E1C2A8D12E900D9CD27 /* PBXTargetDependency */,
			);
			name = homeScreenUITests;
			productName = homeScreenUITests;
			productReference = BD476E1A2A8D12E900D9CD27 /* homeScreenUITests.xctest */;
			productType = "com.apple.product-type.bundle.ui-testing";
		};
/* End PBXNativeTarget section */

/* Begin PBXProject section */
		BD476DF82A8D12E800D9CD27 /* Project object */ = {
			isa = PBXProject;
			attributes = {
				BuildIndependentTargetsInParallel = 1;
				LastSwiftUpdateCheck = 1430;
				LastUpgradeCheck = 1430;
				TargetAttributes = {
					BD476DFF2A8D12E800D9CD27 = {
						CreatedOnToolsVersion = 14.3.1;
					};
					BD476E0F2A8D12E900D9CD27 = {
						CreatedOnToolsVersion = 14.3.1;
						TestTargetID = BD476DFF2A8D12E800D9CD27;
					};
					BD476E192A8D12E900D9CD27 = {
						CreatedOnToolsVersion = 14.3.1;
						TestTargetID = BD476DFF2A8D12E800D9CD27;
					};
				};
			};
			buildConfigurationList = BD476DFB2A8D12E800D9CD27 /* Build configuration list for PBXProject "homeScreen" */;
			compatibilityVersion = "Xcode 14.0";
			developmentRegion = en;
			hasScannedForEncodings = 0;
			knownRegions = (
				en,
				Base,
			);
			mainGroup = BD476DF72A8D12E800D9CD27;
			productRefGroup = BD476E012A8D12E800D9CD27 /* Products */;
			projectDirPath = "";
			projectRoot = "";
			targets = (
				BD476DFF2A8D12E800D9CD27 /* homeScreen */,
				BD476E0F2A8D12E900D9CD27 /* homeScreenTests */,
				BD476E192A8D12E900D9CD27 /* homeScreenUITests */,
			);
		};
/* End PBXProject section */

/* Begin PBXResourcesBuildPhase section */
		BD476DFE2A8D12E800D9CD27 /* Resources */ = {
			isa = PBXResourcesBuildPhase;
			buildActionMask = 2147483647;
			files = (
				BD476E0B2A8D12E900D9CD27 /* Preview Assets.xcassets in Resources */,
				BD476E082A8D12E900D9CD27 /* Assets.xcassets in Resources */,
			);
			runOnlyForDeploymentPostprocessing = 0;
		};
		BD476E0E2A8D12E900D9CD27 /* Resources */ = {
			isa = PBXResourcesBuildPhase;
			buildActionMask = 2147483647;
			files = (
			);
			runOnlyForDeploymentPostprocessing = 0;
		};
		BD476E182A8D12E900D9CD27 /* Resources */ = {
			isa = PBXResourcesBuildPhase;
			buildActionMask = 2147483647;
			files = (
			);
			runOnlyForDeploymentPostprocessing = 0;
		};
/* End PBXResourcesBuildPhase section */

/* Begin PBXSourcesBuildPhase section */
		BD476DFC2A8D12E800D9CD27 /* Sources */ = {
			isa = PBXSourcesBuildPhase;
			buildActionMask = 2147483647;
			files = (
				BDDC00292A8E955E003BDC59 /* NewToDoView.swift in Sources */,
				BD476E2E2A8D14C400D9CD27 /* upcycleHub.swift in Sources */,
				BDDC002B2A8E9577003BDC59 /* ToDoItem.swift in Sources */,
				BD476E062A8D12E800D9CD27 /* Homepage.swift in Sources */,
				BD5B1BBD2A8E9ACA009513E2 /* forum2.swift in Sources */,
				BD3394312A8E5A3E00E4EB6B /* Accessories.swift in Sources */,
				BD3394392A8E5B0900E4EB6B /* Embroidery.swift in Sources */,
				BD476E042A8D12E800D9CD27 /* homeScreenApp.swift in Sources */,
				BD3394332A8E5A5800E4EB6B /* Clothings.swift in Sources */,
				BD3394372A8E5A7400E4EB6B /* Dyes.swift in Sources */,
				BD476E302A8D14D400D9CD27 /* recycle.swift in Sources */,
				BDDC00272A8E9146003BDC59 /* firstPage.swift in Sources */,
			);
			runOnlyForDeploymentPostprocessing = 0;
		};
		BD476E0C2A8D12E900D9CD27 /* Sources */ = {
			isa = PBXSourcesBuildPhase;
			buildActionMask = 2147483647;
			files = (
				BD476E152A8D12E900D9CD27 /* homeScreenTests.swift in Sources */,
			);
			runOnlyForDeploymentPostprocessing = 0;
		};
		BD476E162A8D12E900D9CD27 /* Sources */ = {
			isa = PBXSourcesBuildPhase;
			buildActionMask = 2147483647;
			files = (
				BD476E1F2A8D12E900D9CD27 /* homeScreenUITests.swift in Sources */,
				BD476E212A8D12E900D9CD27 /* homeScreenUITestsLaunchTests.swift in Sources */,
			);
			runOnlyForDeploymentPostprocessing = 0;
		};
/* End PBXSourcesBuildPhase section */

/* Begin PBXTargetDependency section */
		BD476E122A8D12E900D9CD27 /* PBXTargetDependency */ = {
			isa = PBXTargetDependency;
			target = BD476DFF2A8D12E800D9CD27 /* homeScreen */;
			targetProxy = BD476E112A8D12E900D9CD27 /* PBXContainerItemProxy */;
		};
		BD476E1C2A8D12E900D9CD27 /* PBXTargetDependency */ = {
			isa = PBXTargetDependency;
			target = BD476DFF2A8D12E800D9CD27 /* homeScreen */;
			targetProxy = BD476E1B2A8D12E900D9CD27 /* PBXContainerItemProxy */;
		};
/* End PBXTargetDependency section */

/* Begin XCBuildConfiguration section */
		BD476E222A8D12E900D9CD27 /* Debug */ = {
			isa = XCBuildConfiguration;
			buildSettings = {
				ALWAYS_SEARCH_USER_PATHS = NO;
				CLANG_ANALYZER_NONNULL = YES;
				CLANG_ANALYZER_NUMBER_OBJECT_CONVERSION = YES_AGGRESSIVE;
				CLANG_CXX_LANGUAGE_STANDARD = "gnu++20";
				CLANG_ENABLE_MODULES = YES;
				CLANG_ENABLE_OBJC_ARC = YES;
				CLANG_ENABLE_OBJC_WEAK = YES;
				CLANG_WARN_BLOCK_CAPTURE_AUTORELEASING = YES;
				CLANG_WARN_BOOL_CONVERSION = YES;
				CLANG_WARN_COMMA = YES;
				CLANG_WARN_CONSTANT_CONVERSION = YES;
				CLANG_WARN_DEPRECATED_OBJC_IMPLEMENTATIONS = YES;
				CLANG_WARN_DIRECT_OBJC_ISA_USAGE = YES_ERROR;
				CLANG_WARN_DOCUMENTATION_COMMENTS = YES;
				CLANG_WARN_EMPTY_BODY = YES;
				CLANG_WARN_ENUM_CONVERSION = YES;
				CLANG_WARN_INFINITE_RECURSION = YES;
				CLANG_WARN_INT_CONVERSION = YES;
				CLANG_WARN_NON_LITERAL_NULL_CONVERSION = YES;
				CLANG_WARN_OBJC_IMPLICIT_RETAIN_SELF = YES;
				CLANG_WARN_OBJC_LITERAL_CONVERSION = YES;
				CLANG_WARN_OBJC_ROOT_CLASS = YES_ERROR;
				CLANG_WARN_QUOTED_INCLUDE_IN_FRAMEWORK_HEADER = YES;
				CLANG_WARN_RANGE_LOOP_ANALYSIS = YES;
				CLANG_WARN_STRICT_PROTOTYPES = YES;
				CLANG_WARN_SUSPICIOUS_MOVE = YES;
				CLANG_WARN_UNGUARDED_AVAILABILITY = YES_AGGRESSIVE;
				CLANG_WARN_UNREACHABLE_CODE = YES;
				CLANG_WARN__DUPLICATE_METHOD_MATCH = YES;
				COPY_PHASE_STRIP = NO;
				DEBUG_INFORMATION_FORMAT = dwarf;
				ENABLE_STRICT_OBJC_MSGSEND = YES;
				ENABLE_TESTABILITY = YES;
				GCC_C_LANGUAGE_STANDARD = gnu11;
				GCC_DYNAMIC_NO_PIC = NO;
				GCC_NO_COMMON_BLOCKS = YES;
				GCC_OPTIMIZATION_LEVEL = 0;
				GCC_PREPROCESSOR_DEFINITIONS = (
					"DEBUG=1",
					"$(inherited)",
				);
				GCC_WARN_64_TO_32_BIT_CONVERSION = YES;
				GCC_WARN_ABOUT_RETURN_TYPE = YES_ERROR;
				GCC_WARN_UNDECLARED_SELECTOR = YES;
				GCC_WARN_UNINITIALIZED_AUTOS = YES_AGGRESSIVE;
				GCC_WARN_UNUSED_FUNCTION = YES;
				GCC_WARN_UNUSED_VARIABLE = YES;
				IPHONEOS_DEPLOYMENT_TARGET = 16.4;
				MTL_ENABLE_DEBUG_INFO = INCLUDE_SOURCE;
				MTL_FAST_MATH = YES;
				ONLY_ACTIVE_ARCH = YES;
				SDKROOT = iphoneos;
				SWIFT_ACTIVE_COMPILATION_CONDITIONS = DEBUG;
				SWIFT_OPTIMIZATION_LEVEL = "-Onone";
			};
			name = Debug;
		};
		BD476E232A8D12E900D9CD27 /* Release */ = {
			isa = XCBuildConfiguration;
			buildSettings = {
				ALWAYS_SEARCH_USER_PATHS = NO;
				CLANG_ANALYZER_NONNULL = YES;
				CLANG_ANALYZER_NUMBER_OBJECT_CONVERSION = YES_AGGRESSIVE;
				CLANG_CXX_LANGUAGE_STANDARD = "gnu++20";
				CLANG_ENABLE_MODULES = YES;
				CLANG_ENABLE_OBJC_ARC = YES;
				CLANG_ENABLE_OBJC_WEAK = YES;
				CLANG_WARN_BLOCK_CAPTURE_AUTORELEASING = YES;
				CLANG_WARN_BOOL_CONVERSION = YES;
				CLANG_WARN_COMMA = YES;
				CLANG_WARN_CONSTANT_CONVERSION = YES;
				CLANG_WARN_DEPRECATED_OBJC_IMPLEMENTATIONS = YES;
				CLANG_WARN_DIRECT_OBJC_ISA_USAGE = YES_ERROR;
				CLANG_WARN_DOCUMENTATION_COMMENTS = YES;
				CLANG_WARN_EMPTY_BODY = YES;
				CLANG_WARN_ENUM_CONVERSION = YES;
				CLANG_WARN_INFINITE_RECURSION = YES;
				CLANG_WARN_INT_CONVERSION = YES;
				CLANG_WARN_NON_LITERAL_NULL_CONVERSION = YES;
				CLANG_WARN_OBJC_IMPLICIT_RETAIN_SELF = YES;
				CLANG_WARN_OBJC_LITERAL_CONVERSION = YES;
				CLANG_WARN_OBJC_ROOT_CLASS = YES_ERROR;
				CLANG_WARN_QUOTED_INCLUDE_IN_FRAMEWORK_HEADER = YES;
				CLANG_WARN_RANGE_LOOP_ANALYSIS = YES;
				CLANG_WARN_STRICT_PROTOTYPES = YES;
				CLANG_WARN_SUSPICIOUS_MOVE = YES;
				CLANG_WARN_UNGUARDED_AVAILABILITY = YES_AGGRESSIVE;
				CLANG_WARN_UNREACHABLE_CODE = YES;
				CLANG_WARN__DUPLICATE_METHOD_MATCH = YES;
				COPY_PHASE_STRIP = NO;
				DEBUG_INFORMATION_FORMAT = "dwarf-with-dsym";
				ENABLE_NS_ASSERTIONS = NO;
				ENABLE_STRICT_OBJC_MSGSEND = YES;
				GCC_C_LANGUAGE_STANDARD = gnu11;
				GCC_NO_COMMON_BLOCKS = YES;
				GCC_WARN_64_TO_32_BIT_CONVERSION = YES;
				GCC_WARN_ABOUT_RETURN_TYPE = YES_ERROR;
				GCC_WARN_UNDECLARED_SELECTOR = YES;
				GCC_WARN_UNINITIALIZED_AUTOS = YES_AGGRESSIVE;
				GCC_WARN_UNUSED_FUNCTION = YES;
				GCC_WARN_UNUSED_VARIABLE = YES;
				IPHONEOS_DEPLOYMENT_TARGET = 16.4;
				MTL_ENABLE_DEBUG_INFO = NO;
				MTL_FAST_MATH = YES;
				SDKROOT = iphoneos;
				SWIFT_COMPILATION_MODE = wholemodule;
				SWIFT_OPTIMIZATION_LEVEL = "-O";
				VALIDATE_PRODUCT = YES;
			};
			name = Release;
		};
		BD476E252A8D12E900D9CD27 /* Debug */ = {
			isa = XCBuildConfiguration;
			buildSettings = {
				ASSETCATALOG_COMPILER_APPICON_NAME = AppIcon;
				ASSETCATALOG_COMPILER_GLOBAL_ACCENT_COLOR_NAME = AccentColor;
				CODE_SIGN_STYLE = Automatic;
				CURRENT_PROJECT_VERSION = 1;
				DEVELOPMENT_ASSET_PATHS = "\"homeScreen/Preview Content\"";
				ENABLE_PREVIEWS = YES;
				GENERATE_INFOPLIST_FILE = YES;
				INFOPLIST_KEY_UIApplicationSceneManifest_Generation = YES;
				INFOPLIST_KEY_UIApplicationSupportsIndirectInputEvents = YES;
				INFOPLIST_KEY_UILaunchScreen_Generation = YES;
				INFOPLIST_KEY_UISupportedInterfaceOrientations_iPad = "UIInterfaceOrientationPortrait UIInterfaceOrientationPortraitUpsideDown UIInterfaceOrientationLandscapeLeft UIInterfaceOrientationLandscapeRight";
				INFOPLIST_KEY_UISupportedInterfaceOrientations_iPhone = "UIInterfaceOrientationPortrait UIInterfaceOrientationLandscapeLeft UIInterfaceOrientationLandscapeRight";
				LD_RUNPATH_SEARCH_PATHS = (
					"$(inherited)",
					"@executable_path/Frameworks",
				);
				MARKETING_VERSION = 1.0;
				PRODUCT_BUNDLE_IDENTIFIER = kodeWithKlossy.homeScreen;
				PRODUCT_NAME = "$(TARGET_NAME)";
				SWIFT_EMIT_LOC_STRINGS = YES;
				SWIFT_VERSION = 5.0;
				TARGETED_DEVICE_FAMILY = "1,2";
			};
			name = Debug;
		};
		BD476E262A8D12E900D9CD27 /* Release */ = {
			isa = XCBuildConfiguration;
			buildSettings = {
				ASSETCATALOG_COMPILER_APPICON_NAME = AppIcon;
				ASSETCATALOG_COMPILER_GLOBAL_ACCENT_COLOR_NAME = AccentColor;
				CODE_SIGN_STYLE = Automatic;
				CURRENT_PROJECT_VERSION = 1;
				DEVELOPMENT_ASSET_PATHS = "\"homeScreen/Preview Content\"";
				ENABLE_PREVIEWS = YES;
				GENERATE_INFOPLIST_FILE = YES;
				INFOPLIST_KEY_UIApplicationSceneManifest_Generation = YES;
				INFOPLIST_KEY_UIApplicationSupportsIndirectInputEvents = YES;
				INFOPLIST_KEY_UILaunchScreen_Generation = YES;
				INFOPLIST_KEY_UISupportedInterfaceOrientations_iPad = "UIInterfaceOrientationPortrait UIInterfaceOrientationPortraitUpsideDown UIInterfaceOrientationLandscapeLeft UIInterfaceOrientationLandscapeRight";
				INFOPLIST_KEY_UISupportedInterfaceOrientations_iPhone = "UIInterfaceOrientationPortrait UIInterfaceOrientationLandscapeLeft UIInterfaceOrientationLandscapeRight";
				LD_RUNPATH_SEARCH_PATHS = (
					"$(inherited)",
					"@executable_path/Frameworks",
				);
				MARKETING_VERSION = 1.0;
				PRODUCT_BUNDLE_IDENTIFIER = kodeWithKlossy.homeScreen;
				PRODUCT_NAME = "$(TARGET_NAME)";
				SWIFT_EMIT_LOC_STRINGS = YES;
				SWIFT_VERSION = 5.0;
				TARGETED_DEVICE_FAMILY = "1,2";
			};
			name = Release;
		};
		BD476E282A8D12E900D9CD27 /* Debug */ = {
			isa = XCBuildConfiguration;
			buildSettings = {
				ALWAYS_EMBED_SWIFT_STANDARD_LIBRARIES = YES;
				BUNDLE_LOADER = "$(TEST_HOST)";
				CODE_SIGN_STYLE = Automatic;
				CURRENT_PROJECT_VERSION = 1;
				GENERATE_INFOPLIST_FILE = YES;
				IPHONEOS_DEPLOYMENT_TARGET = 16.4;
				MARKETING_VERSION = 1.0;
				PRODUCT_BUNDLE_IDENTIFIER = kodeWithKlossy.homeScreenTests;
				PRODUCT_NAME = "$(TARGET_NAME)";
				SWIFT_EMIT_LOC_STRINGS = NO;
				SWIFT_VERSION = 5.0;
				TARGETED_DEVICE_FAMILY = "1,2";
				TEST_HOST = "$(BUILT_PRODUCTS_DIR)/homeScreen.app/$(BUNDLE_EXECUTABLE_FOLDER_PATH)/homeScreen";
			};
			name = Debug;
		};
		BD476E292A8D12E900D9CD27 /* Release */ = {
			isa = XCBuildConfiguration;
			buildSettings = {
				ALWAYS_EMBED_SWIFT_STANDARD_LIBRARIES = YES;
				BUNDLE_LOADER = "$(TEST_HOST)";
				CODE_SIGN_STYLE = Automatic;
				CURRENT_PROJECT_VERSION = 1;
				GENERATE_INFOPLIST_FILE = YES;
				IPHONEOS_DEPLOYMENT_TARGET = 16.4;
				MARKETING_VERSION = 1.0;
				PRODUCT_BUNDLE_IDENTIFIER = kodeWithKlossy.homeScreenTests;
				PRODUCT_NAME = "$(TARGET_NAME)";
				SWIFT_EMIT_LOC_STRINGS = NO;
				SWIFT_VERSION = 5.0;
				TARGETED_DEVICE_FAMILY = "1,2";
				TEST_HOST = "$(BUILT_PRODUCTS_DIR)/homeScreen.app/$(BUNDLE_EXECUTABLE_FOLDER_PATH)/homeScreen";
			};
			name = Release;
		};
		BD476E2B2A8D12E900D9CD27 /* Debug */ = {
			isa = XCBuildConfiguration;
			buildSettings = {
				ALWAYS_EMBED_SWIFT_STANDARD_LIBRARIES = YES;
				CODE_SIGN_STYLE = Automatic;
				CURRENT_PROJECT_VERSION = 1;
				GENERATE_INFOPLIST_FILE = YES;
				MARKETING_VERSION = 1.0;
				PRODUCT_BUNDLE_IDENTIFIER = kodeWithKlossy.homeScreenUITests;
				PRODUCT_NAME = "$(TARGET_NAME)";
				SWIFT_EMIT_LOC_STRINGS = NO;
				SWIFT_VERSION = 5.0;
				TARGETED_DEVICE_FAMILY = "1,2";
				TEST_TARGET_NAME = homeScreen;
			};
			name = Debug;
		};
		BD476E2C2A8D12E900D9CD27 /* Release */ = {
			isa = XCBuildConfiguration;
			buildSettings = {
				ALWAYS_EMBED_SWIFT_STANDARD_LIBRARIES = YES;
				CODE_SIGN_STYLE = Automatic;
				CURRENT_PROJECT_VERSION = 1;
				GENERATE_INFOPLIST_FILE = YES;
				MARKETING_VERSION = 1.0;
				PRODUCT_BUNDLE_IDENTIFIER = kodeWithKlossy.homeScreenUITests;
				PRODUCT_NAME = "$(TARGET_NAME)";
				SWIFT_EMIT_LOC_STRINGS = NO;
				SWIFT_VERSION = 5.0;
				TARGETED_DEVICE_FAMILY = "1,2";
				TEST_TARGET_NAME = homeScreen;
			};
			name = Release;
		};
/* End XCBuildConfiguration section */

/* Begin XCConfigurationList section */
		BD476DFB2A8D12E800D9CD27 /* Build configuration list for PBXProject "homeScreen" */ = {
			isa = XCConfigurationList;
			buildConfigurations = (
				BD476E222A8D12E900D9CD27 /* Debug */,
				BD476E232A8D12E900D9CD27 /* Release */,
			);
			defaultConfigurationIsVisible = 0;
			defaultConfigurationName = Release;
		};
		BD476E242A8D12E900D9CD27 /* Build configuration list for PBXNativeTarget "homeScreen" */ = {
			isa = XCConfigurationList;
			buildConfigurations = (
				BD476E252A8D12E900D9CD27 /* Debug */,
				BD476E262A8D12E900D9CD27 /* Release */,
			);
			defaultConfigurationIsVisible = 0;
			defaultConfigurationName = Release;
		};
		BD476E272A8D12E900D9CD27 /* Build configuration list for PBXNativeTarget "homeScreenTests" */ = {
			isa = XCConfigurationList;
			buildConfigurations = (
				BD476E282A8D12E900D9CD27 /* Debug */,
				BD476E292A8D12E900D9CD27 /* Release */,
			);
			defaultConfigurationIsVisible = 0;
			defaultConfigurationName = Release;
		};
		BD476E2A2A8D12E900D9CD27 /* Build configuration list for PBXNativeTarget "homeScreenUITests" */ = {
			isa = XCConfigurationList;
			buildConfigurations = (
				BD476E2B2A8D12E900D9CD27 /* Debug */,
				BD476E2C2A8D12E900D9CD27 /* Release */,
			);
			defaultConfigurationIsVisible = 0;
			defaultConfigurationName = Release;
		};
/* End XCConfigurationList section */
	};
	rootObject = BD476DF82A8D12E800D9CD27 /* Project object */;
}
